// !$*UTF8*$!
{
	archiveVersion = 1;
	classes = {
	};
	objectVersion = 50;
	objects = {

/* Begin PBXBuildFile section */
		1BA854B8230BE59E002E333A /* AppDelegate.swift in Sources */ = {isa = PBXBuildFile; fileRef = 1BA854B7230BE59E002E333A /* AppDelegate.swift */; };
		1BA854BA230BE59E002E333A /* ViewController.swift in Sources */ = {isa = PBXBuildFile; fileRef = 1BA854B9230BE59E002E333A /* ViewController.swift */; };
		1BA854BD230BE59E002E333A /* Main.storyboard in Resources */ = {isa = PBXBuildFile; fileRef = 1BA854BB230BE59E002E333A /* Main.storyboard */; };
		1BA854BF230BE5A1002E333A /* Assets.xcassets in Resources */ = {isa = PBXBuildFile; fileRef = 1BA854BE230BE5A1002E333A /* Assets.xcassets */; };
		1BA854C2230BE5A1002E333A /* LaunchScreen.storyboard in Resources */ = {isa = PBXBuildFile; fileRef = 1BA854C0230BE5A1002E333A /* LaunchScreen.storyboard */; };
		DB1D51884D870385B1E08BD9 /* Pods_ViewNews.framework in Frameworks */ = {isa = PBXBuildFile; fileRef = 7CC743A443220451049CE36D /* Pods_ViewNews.framework */; };
/* End PBXBuildFile section */

/* Begin PBXFileReference section */
		0E0374E868BA5A6C087E77E2 /* Pods-ViewNews.release.xcconfig */ = {isa = PBXFileReference; includeInIndex = 1; lastKnownFileType = text.xcconfig; name = "Pods-ViewNews.release.xcconfig"; path = "Target Support Files/Pods-ViewNews/Pods-ViewNews.release.xcconfig"; sourceTree = "<group>"; };
		1BA854B4230BE59E002E333A /* ViewNews.app */ = {isa = PBXFileReference; explicitFileType = wrapper.application; includeInIndex = 0; path = ViewNews.app; sourceTree = BUILT_PRODUCTS_DIR; };
		1BA854B7230BE59E002E333A /* AppDelegate.swift */ = {isa = PBXFileReference; lastKnownFileType = sourcecode.swift; path = AppDelegate.swift; sourceTree = "<group>"; };
		1BA854B9230BE59E002E333A /* ViewController.swift */ = {isa = PBXFileReference; lastKnownFileType = sourcecode.swift; path = ViewController.swift; sourceTree = "<group>"; };
		1BA854BC230BE59E002E333A /* Base */ = {isa = PBXFileReference; lastKnownFileType = file.storyboard; name = Base; path = Base.lproj/Main.storyboard; sourceTree = "<group>"; };
		1BA854BE230BE5A1002E333A /* Assets.xcassets */ = {isa = PBXFileReference; lastKnownFileType = folder.assetcatalog; path = Assets.xcassets; sourceTree = "<group>"; };
		1BA854C1230BE5A1002E333A /* Base */ = {isa = PBXFileReference; lastKnownFileType = file.storyboard; name = Base; path = Base.lproj/LaunchScreen.storyboard; sourceTree = "<group>"; };
		1BA854C3230BE5A1002E333A /* Info.plist */ = {isa = PBXFileReference; lastKnownFileType = text.plist.xml; path = Info.plist; sourceTree = "<group>"; };
		7CC743A443220451049CE36D /* Pods_ViewNews.framework */ = {isa = PBXFileReference; explicitFileType = wrapper.framework; includeInIndex = 0; path = Pods_ViewNews.framework; sourceTree = BUILT_PRODUCTS_DIR; };
		C451C046CA0F2090522DFA42 /* Pods-ViewNews.debug.xcconfig */ = {isa = PBXFileReference; includeInIndex = 1; lastKnownFileType = text.xcconfig; name = "Pods-ViewNews.debug.xcconfig"; path = "Target Support Files/Pods-ViewNews/Pods-ViewNews.debug.xcconfig"; sourceTree = "<group>"; };
/* End PBXFileReference section */

/* Begin PBXFrameworksBuildPhase section */
		1BA854B1230BE59D002E333A /* Frameworks */ = {
			isa = PBXFrameworksBuildPhase;
			buildActionMask = 2147483647;
			files = (
				DB1D51884D870385B1E08BD9 /* Pods_ViewNews.framework in Frameworks */,
			);
			runOnlyForDeploymentPostprocessing = 0;
		};
/* End PBXFrameworksBuildPhase section */

/* Begin PBXGroup section */
		1BA854AB230BE59D002E333A = {
			isa = PBXGroup;
			children = (
				1BA854B6230BE59E002E333A /* ViewNews */,
				1BA854B5230BE59E002E333A /* Products */,
				32B61646166BECCBBCD031AF /* Pods */,
				A5DBD57AADDB5498674AE5AD /* Frameworks */,
			);
			sourceTree = "<group>";
		};
		1BA854B5230BE59E002E333A /* Products */ = {
			isa = PBXGroup;
			children = (
				1BA854B4230BE59E002E333A /* ViewNews.app */,
			);
			name = Products;
			sourceTree = "<group>";
		};
		1BA854B6230BE59E002E333A /* ViewNews */ = {
			isa = PBXGroup;
			children = (
				1BA854B7230BE59E002E333A /* AppDelegate.swift */,
				1BA854B9230BE59E002E333A /* ViewController.swift */,
				1BA854BB230BE59E002E333A /* Main.storyboard */,
				1BA854BE230BE5A1002E333A /* Assets.xcassets */,
				1BA854C0230BE5A1002E333A /* LaunchScreen.storyboard */,
				1BA854C3230BE5A1002E333A /* Info.plist */,
			);
			path = ViewNews;
			sourceTree = "<group>";
		};
		32B61646166BECCBBCD031AF /* Pods */ = {
			isa = PBXGroup;
			children = (
				C451C046CA0F2090522DFA42 /* Pods-ViewNews.debug.xcconfig */,
				0E0374E868BA5A6C087E77E2 /* Pods-ViewNews.release.xcconfig */,
			);
			name = Pods;
			path = Pods;
			sourceTree = "<group>";
		};
		A5DBD57AADDB5498674AE5AD /* Frameworks */ = {
			isa = PBXGroup;
			children = (
				7CC743A443220451049CE36D /* Pods_ViewNews.framework */,
			);
			name = Frameworks;
			sourceTree = "<group>";
		};
/* End PBXGroup section */

/* Begin PBXNativeTarget section */
		1BA854B3230BE59D002E333A /* ViewNews */ = {
			isa = PBXNativeTarget;
			buildConfigurationList = 1BA854C6230BE5A1002E333A /* Build configuration list for PBXNativeTarget "ViewNews" */;
			buildPhases = (
				61A17186CFA2F8BD9B1892F2 /* [CP] Check Pods Manifest.lock */,
				1BA854B0230BE59D002E333A /* Sources */,
				1BA854B1230BE59D002E333A /* Frameworks */,
				1BA854B2230BE59D002E333A /* Resources */,
				A65F4556C13A0DA42941AB5C /* [CP] Embed Pods Frameworks */,
			);
			buildRules = (
			);
			dependencies = (
			);
			name = ViewNews;
			productName = ViewNews;
			productReference = 1BA854B4230BE59E002E333A /* ViewNews.app */;
			productType = "com.apple.product-type.application";
		};
/* End PBXNativeTarget section */

/* Begin PBXProject section */
		1BA854AC230BE59D002E333A /* Project object */ = {
			isa = PBXProject;
			attributes = {
				LastSwiftUpdateCheck = 1030;
				LastUpgradeCheck = 1030;
				ORGANIZATIONNAME = "Володимир Смульський";
				TargetAttributes = {
					1BA854B3230BE59D002E333A = {
						CreatedOnToolsVersion = 10.3;
					};
				};
			};
			buildConfigurationList = 1BA854AF230BE59D002E333A /* Build configuration list for PBXProject "ViewNews" */;
			compatibilityVersion = "Xcode 9.3";
			developmentRegion = en;
			hasScannedForEncodings = 0;
			knownRegions = (
				en,
				Base,
			);
			mainGroup = 1BA854AB230BE59D002E333A;
			productRefGroup = 1BA854B5230BE59E002E333A /* Products */;
			projectDirPath = "";
			projectRoot = "";
			targets = (
				1BA854B3230BE59D002E333A /* ViewNews */,
			);
		};
/* End PBXProject section */

/* Begin PBXResourcesBuildPhase section */
		1BA854B2230BE59D002E333A /* Resources */ = {
			isa = PBXResourcesBuildPhase;
			buildActionMask = 2147483647;
			files = (
				1BA854C2230BE5A1002E333A /* LaunchScreen.storyboard in Resources */,
				1BA854BF230BE5A1002E333A /* Assets.xcassets in Resources */,
				1BA854BD230BE59E002E333A /* Main.storyboard in Resources */,
			);
			runOnlyForDeploymentPostprocessing = 0;
		};
/* End PBXResourcesBuildPhase section */

/* Begin PBXShellScriptBuildPhase section */
		61A17186CFA2F8BD9B1892F2 /* [CP] Check Pods Manifest.lock */ = {
			isa = PBXShellScriptBuildPhase;
			buildActionMask = 2147483647;
			files = (
			);
			inputFileListPaths = (
			);
			inputPaths = (
				"${PODS_PODFILE_DIR_PATH}/Podfile.lock",
				"${PODS_ROOT}/Manifest.lock",
			);
			name = "[CP] Check Pods Manifest.lock";
			outputFileListPaths = (
			);
			outputPaths = (
				"$(DERIVED_FILE_DIR)/Pods-ViewNews-checkManifestLockResult.txt",
			);
			runOnlyForDeploymentPostprocessing = 0;
			shellPath = /bin/sh;
			shellScript = "diff \"${PODS_PODFILE_DIR_PATH}/Podfile.lock\" \"${PODS_ROOT}/Manifest.lock\" > /dev/null\nif [ $? != 0 ] ; then\n    # print error to STDERR\n    echo \"error: The sandbox is not in sync with the Podfile.lock. Run 'pod install' or update your CocoaPods installation.\" >&2\n    exit 1\nfi\n# This output is used by Xcode 'outputs' to avoid re-running this script phase.\necho \"SUCCESS\" > \"${SCRIPT_OUTPUT_FILE_0}\"\n";
			showEnvVarsInLog = 0;
		};
		A65F4556C13A0DA42941AB5C /* [CP] Embed Pods Frameworks */ = {
			isa = PBXShellScriptBuildPhase;
			buildActionMask = 2147483647;
			files = (
			);
			inputFileListPaths = (
				"${PODS_ROOT}/Target Support Files/Pods-ViewNews/Pods-ViewNews-frameworks-${CONFIGURATION}-input-files.xcfilelist",
			);
			name = "[CP] Embed Pods Frameworks";
			outputFileListPaths = (
				"${PODS_ROOT}/Target Support Files/Pods-ViewNews/Pods-ViewNews-frameworks-${CONFIGURATION}-output-files.xcfilelist",
			);
			runOnlyForDeploymentPostprocessing = 0;
			shellPath = /bin/sh;
			shellScript = "\"${PODS_ROOT}/Target Support Files/Pods-ViewNews/Pods-ViewNews-frameworks.sh\"\n";
			showEnvVarsInLog = 0;
		};
/* End PBXShellScriptBuildPhase section */

/* Begin PBXSourcesBuildPhase section */
		1BA854B0230BE59D002E333A /* Sources */ = {
			isa = PBXSourcesBuildPhase;
			buildActionMask = 2147483647;
			files = (
				1BA854BA230BE59E002E333A /* ViewController.swift in Sources */,
				1BA854B8230BE59E002E333A /* AppDelegate.swift in Sources */,
			);
			runOnlyForDeploymentPostprocessing = 0;
		};
/* End PBXSourcesBuildPhase section */

/* Begin PBXVariantGroup section */
		1BA854BB230BE59E002E333A /* Main.storyboard */ = {
			isa = PBXVariantGroup;
			children = (
				1BA854BC230BE59E002E333A /* Base */,
			);
			name = Main.storyboard;
			sourceTree = "<group>";
		};
		1BA854C0230BE5A1002E333A /* LaunchScreen.storyboard */ = {
			isa = PBXVariantGroup;
			children = (
				1BA854C1230BE5A1002E333A /* Base */,
			);
			name = LaunchScreen.storyboard;
			sourceTree = "<group>";
		};
/* End PBXVariantGroup section */

/* Begin XCBuildConfiguration section */
		1BA854C4230BE5A1002E333A /* Debug */ = {
			isa = XCBuildConfiguration;
			buildSettings = {
				ALWAYS_SEARCH_USER_PATHS = NO;
				CLANG_ANALYZER_NONNULL = YES;
				CLANG_ANALYZER_NUMBER_OBJECT_CONVERSION = YES_AGGRESSIVE;
				CLANG_CXX_LANGUAGE_STANDARD = "gnu++14";
				CLANG_CXX_LIBRARY = "libc++";
				CLANG_ENABLE_MODULES = YES;
				CLANG_ENABLE_OBJC_ARC = YES;
				CLANG_ENABLE_OBJC_WEAK = YES;
				CLANG_WARN_BLOCK_CAPTURE_AUTORELEASING = YES;
				CLANG_WARN_BOOL_CONVERSION = YES;
				CLANG_WARN_COMMA = YES;
				CLANG_WARN_CONSTANT_CONVERSION = YES;
				CLANG_WARN_DEPRECATED_OBJC_IMPLEMENTATIONS = YES;
				CLANG_WARN_DIRECT_OBJC_ISA_USAGE = YES_ERROR;
				CLANG_WARN_DOCUMENTATION_COMMENTS = YES;
				CLANG_WARN_EMPTY_BODY = YES;
				CLANG_WARN_ENUM_CONVERSION = YES;
				CLANG_WARN_INFINITE_RECURSION = YES;
				CLANG_WARN_INT_CONVERSION = YES;
				CLANG_WARN_NON_LITERAL_NULL_CONVERSION = YES;
				CLANG_WARN_OBJC_IMPLICIT_RETAIN_SELF = YES;
				CLANG_WARN_OBJC_LITERAL_CONVERSION = YES;
				CLANG_WARN_OBJC_ROOT_CLASS = YES_ERROR;
				CLANG_WARN_RANGE_LOOP_ANALYSIS = YES;
				CLANG_WARN_STRICT_PROTOTYPES = YES;
				CLANG_WARN_SUSPICIOUS_MOVE = YES;
				CLANG_WARN_UNGUARDED_AVAILABILITY = YES_AGGRESSIVE;
				CLANG_WARN_UNREACHABLE_CODE = YES;
				CLANG_WARN__DUPLICATE_METHOD_MATCH = YES;
				CODE_SIGN_IDENTITY = "iPhone Developer";
				COPY_PHASE_STRIP = NO;
				DEBUG_INFORMATION_FORMAT = dwarf;
				ENABLE_STRICT_OBJC_MSGSEND = YES;
				ENABLE_TESTABILITY = YES;
				GCC_C_LANGUAGE_STANDARD = gnu11;
				GCC_DYNAMIC_NO_PIC = NO;
				GCC_NO_COMMON_BLOCKS = YES;
				GCC_OPTIMIZATION_LEVEL = 0;
				GCC_PREPROCESSOR_DEFINITIONS = (
					"DEBUG=1",
					"$(inherited)",
				);
				GCC_WARN_64_TO_32_BIT_CONVERSION = YES;
				GCC_WARN_ABOUT_RETURN_TYPE = YES_ERROR;
				GCC_WARN_UNDECLARED_SELECTOR = YES;
				GCC_WARN_UNINITIALIZED_AUTOS = YES_AGGRESSIVE;
				GCC_WARN_UNUSED_FUNCTION = YES;
				GCC_WARN_UNUSED_VARIABLE = YES;
				IPHONEOS_DEPLOYMENT_TARGET = 12.4;
				MTL_ENABLE_DEBUG_INFO = INCLUDE_SOURCE;
				MTL_FAST_MATH = YES;
				ONLY_ACTIVE_ARCH = YES;
				SDKROOT = iphoneos;
				SWIFT_ACTIVE_COMPILATION_CONDITIONS = DEBUG;
				SWIFT_OPTIMIZATION_LEVEL = "-Onone";
			};
			name = Debug;
		};
		1BA854C5230BE5A1002E333A /* Release */ = {
			isa = XCBuildConfiguration;
			buildSettings = {
				ALWAYS_SEARCH_USER_PATHS = NO;
				CLANG_ANALYZER_NONNULL = YES;
				CLANG_ANALYZER_NUMBER_OBJECT_CONVERSION = YES_AGGRESSIVE;
				CLANG_CXX_LANGUAGE_STANDARD = "gnu++14";
				CLANG_CXX_LIBRARY = "libc++";
				CLANG_ENABLE_MODULES = YES;
				CLANG_ENABLE_OBJC_ARC = YES;
				CLANG_ENABLE_OBJC_WEAK = YES;
				CLANG_WARN_BLOCK_CAPTURE_AUTORELEASING = YES;
				CLANG_WARN_BOOL_CONVERSION = YES;
				CLANG_WARN_COMMA = YES;
				CLANG_WARN_CONSTANT_CONVERSION = YES;
				CLANG_WARN_DEPRECATED_OBJC_IMPLEMENTATIONS = YES;
				CLANG_WARN_DIRECT_OBJC_ISA_USAGE = YES_ERROR;
				CLANG_WARN_DOCUMENTATION_COMMENTS = YES;
				CLANG_WARN_EMPTY_BODY = YES;
				CLANG_WARN_ENUM_CONVERSION = YES;
				CLANG_WARN_INFINITE_RECURSION = YES;
				CLANG_WARN_INT_CONVERSION = YES;
				CLANG_WARN_NON_LITERAL_NULL_CONVERSION = YES;
				CLANG_WARN_OBJC_IMPLICIT_RETAIN_SELF = YES;
				CLANG_WARN_OBJC_LITERAL_CONVERSION = YES;
				CLANG_WARN_OBJC_ROOT_CLASS = YES_ERROR;
				CLANG_WARN_RANGE_LOOP_ANALYSIS = YES;
				CLANG_WARN_STRICT_PROTOTYPES = YES;
				CLANG_WARN_SUSPICIOUS_MOVE = YES;
				CLANG_WARN_UNGUARDED_AVAILABILITY = YES_AGGRESSIVE;
				CLANG_WARN_UNREACHABLE_CODE = YES;
				CLANG_WARN__DUPLICATE_METHOD_MATCH = YES;
				CODE_SIGN_IDENTITY = "iPhone Developer";
				COPY_PHASE_STRIP = NO;
				DEBUG_INFORMATION_FORMAT = "dwarf-with-dsym";
				ENABLE_NS_ASSERTIONS = NO;
				ENABLE_STRICT_OBJC_MSGSEND = YES;
				GCC_C_LANGUAGE_STANDARD = gnu11;
				GCC_NO_COMMON_BLOCKS = YES;
				GCC_WARN_64_TO_32_BIT_CONVERSION = YES;
				GCC_WARN_ABOUT_RETURN_TYPE = YES_ERROR;
				GCC_WARN_UNDECLARED_SELECTOR = YES;
				GCC_WARN_UNINITIALIZED_AUTOS = YES_AGGRESSIVE;
				GCC_WARN_UNUSED_FUNCTION = YES;
				GCC_WARN_UNUSED_VARIABLE = YES;
				IPHONEOS_DEPLOYMENT_TARGET = 12.4;
				MTL_ENABLE_DEBUG_INFO = NO;
				MTL_FAST_MATH = YES;
				SDKROOT = iphoneos;
				SWIFT_COMPILATION_MODE = wholemodule;
				SWIFT_OPTIMIZATION_LEVEL = "-O";
				VALIDATE_PRODUCT = YES;
			};
			name = Release;
		};
		1BA854C7230BE5A1002E333A /* Debug */ = {
			isa = XCBuildConfiguration;
			baseConfigurationReference = C451C046CA0F2090522DFA42 /* Pods-ViewNews.debug.xcconfig */;
			buildSettings = {
				ASSETCATALOG_COMPILER_APPICON_NAME = AppIcon;
				CODE_SIGN_STYLE = Automatic;
				DEVELOPMENT_TEAM = 3W6QZF2EK2;
				INFOPLIST_FILE = ViewNews/Info.plist;
				LD_RUNPATH_SEARCH_PATHS = (
					"$(inherited)",
					"@executable_path/Frameworks",
				);
				PRODUCT_BUNDLE_IDENTIFIER = ExportProfile.developerprofile.trying.CoreData.ViewNews;
				PRODUCT_NAME = "$(TARGET_NAME)";
				SWIFT_VERSION = 5.0;
				TARGETED_DEVICE_FAMILY = "1,2";
			};
			name = Debug;
		};
		1BA854C8230BE5A1002E333A /* Release */ = {
			isa = XCBuildConfiguration;
			baseConfigurationReference = 0E0374E868BA5A6C087E77E2 /* Pods-ViewNews.release.xcconfig */;
			buildSettings = {
				ASSETCATALOG_COMPILER_APPICON_NAME = AppIcon;
				CODE_SIGN_STYLE = Automatic;
				DEVELOPMENT_TEAM = 3W6QZF2EK2;
				INFOPLIST_FILE = ViewNews/Info.plist;
				LD_RUNPATH_SEARCH_PATHS = (
					"$(inherited)",
					"@executable_path/Frameworks",
				);
				PRODUCT_BUNDLE_IDENTIFIER = ExportProfile.developerprofile.trying.CoreData.ViewNews;
				PRODUCT_NAME = "$(TARGET_NAME)";
				SWIFT_VERSION = 5.0;
				TARGETED_DEVICE_FAMILY = "1,2";
			};
			name = Release;
		};
/* End XCBuildConfiguration section */

/* Begin XCConfigurationList section */
		1BA854AF230BE59D002E333A /* Build configuration list for PBXProject "ViewNews" */ = {
			isa = XCConfigurationList;
			buildConfigurations = (
				1BA854C4230BE5A1002E333A /* Debug */,
				1BA854C5230BE5A1002E333A /* Release */,
			);
			defaultConfigurationIsVisible = 0;
			defaultConfigurationName = Release;
		};
		1BA854C6230BE5A1002E333A /* Build configuration list for PBXNativeTarget "ViewNews" */ = {
			isa = XCConfigurationList;
			buildConfigurations = (
				1BA854C7230BE5A1002E333A /* Debug */,
				1BA854C8230BE5A1002E333A /* Release */,
			);
			defaultConfigurationIsVisible = 0;
			defaultConfigurationName = Release;
		};
/* End XCConfigurationList section */
	};
	rootObject = 1BA854AC230BE59D002E333A /* Project object */;
}
